
Microsoft Visual Studio Solution File, Format Version 12.00
# Visual Studio Version 17
VisualStudioVersion = 17.9.34607.119
MinimumVisualStudioVersion = 10.0.40219.1
Project("{FAE04EC0-301F-11D3-BF4B-00C04F79EFBC}") = "DotNetAssistant", "DotNetAssistant\DotNetAssistant.csproj", "{C2005C0E-F724-4C58-A11C-BB59DC4117B9}"
EndProject
Global
	GlobalSection(SolutionConfigurationPlatforms) = preSolution
		Debug|Any CPU = Debug|Any CPU
		Release|Any CPU = Release|Any CPU
	EndGlobalSection
	GlobalSection(ProjectConfigurationPlatforms) = postSolution
		{C2005C0E-F724-4C58-A11C-BB59DC4117B9}.Debug|Any CPU.ActiveCfg = Debug|Any CPU
		{C2005C0E-F724-4C58-A11C-BB59DC4117B9}.Debug|Any CPU.Build.0 = Debug|Any CPU
		{C2005C0E-F724-4C58-A11C-BB59DC4117B9}.Release|Any CPU.ActiveCfg = Release|Any CPU
		{C2005C0E-F724-4C58-A11C-BB59DC4117B9}.Release|Any CPU.Build.0 = Release|Any CPU
	EndGlobalSection
	GlobalSection(SolutionProperties) = preSolution
		HideSolutionNode = FALSE
	EndGlobalSection
	GlobalSection(ExtensibilityGlobals) = postSolution
		SolutionGuid = {066C39BD-D99D-4A68-8B70-C60D692D2807}
	EndGlobalSection
EndGlobal
